
Microsoft Visual Studio Solution File, Format Version 12.00
# Visual Studio 15
Project("{FAE04EC0-301F-11D3-BF4B-00C04F79EFBC}") = "Assembly-CSharp", "Assembly-CSharp.csproj", "{EEFC0E7B-97E6-DFD6-6DE2-6716C95F672F}"
EndProject
Project("{FAE04EC0-301F-11D3-BF4B-00C04F79EFBC}") = "Assembly-CSharp-Editor", "Assembly-CSharp-Editor.csproj", "{C4D1E5AA-85D7-9901-89E2-C2BCF57E82A7}"
EndProject
Global
	GlobalSection(SolutionConfigurationPlatforms) = preSolution
		Debug|Any CPU = Debug|Any CPU
		Release|Any CPU = Release|Any CPU
	EndGlobalSection
	GlobalSection(ProjectConfigurationPlatforms) = postSolution
		{EEFC0E7B-97E6-DFD6-6DE2-6716C95F672F}.Debug|Any CPU.ActiveCfg = Debug|Any CPU
		{EEFC0E7B-97E6-DFD6-6DE2-6716C95F672F}.Debug|Any CPU.Build.0 = Debug|Any CPU
		{EEFC0E7B-97E6-DFD6-6DE2-6716C95F672F}.Release|Any CPU.ActiveCfg = Release|Any CPU
		{EEFC0E7B-97E6-DFD6-6DE2-6716C95F672F}.Release|Any CPU.Build.0 = Release|Any CPU
		{C4D1E5AA-85D7-9901-89E2-C2BCF57E82A7}.Debug|Any CPU.ActiveCfg = Debug|Any CPU
		{C4D1E5AA-85D7-9901-89E2-C2BCF57E82A7}.Debug|Any CPU.Build.0 = Debug|Any CPU
		{C4D1E5AA-85D7-9901-89E2-C2BCF57E82A7}.Release|Any CPU.ActiveCfg = Release|Any CPU
		{C4D1E5AA-85D7-9901-89E2-C2BCF57E82A7}.Release|Any CPU.Build.0 = Release|Any CPU
	EndGlobalSection
	GlobalSection(SolutionProperties) = preSolution
		HideSolutionNode = FALSE
	EndGlobalSection
EndGlobal
